// !$*UTF8*$!
{
	archiveVersion = 1;
	classes = {
	};
	objectVersion = 77;
	objects = {

/* Begin PBXContainerItemProxy section */
		D0B965942E2BCDE3006B90F6 /* PBXContainerItemProxy */ = {
			isa = PBXContainerItemProxy;
			containerPortal = D0B9657E2E2BCDE2006B90F6 /* Project object */;
			proxyType = 1;
			remoteGlobalIDString = D0B965852E2BCDE2006B90F6;
			remoteInfo = LML;
		};
		D0B9659E2E2BCDE3006B90F6 /* PBXContainerItemProxy */ = {
			isa = PBXContainerItemProxy;
			containerPortal = D0B9657E2E2BCDE2006B90F6 /* Project object */;
			proxyType = 1;
			remoteGlobalIDString = D0B965852E2BCDE2006B90F6;
			remoteInfo = LML;
		};
/* End PBXContainerItemProxy section */

/* Begin PBXFileReference section */
		D0B965862E2BCDE2006B90F6 /* LML.app */ = {isa = PBXFileReference; explicitFileType = wrapper.application; includeInIndex = 0; path = LML.app; sourceTree = BUILT_PRODUCTS_DIR; };
		D0B965932E2BCDE3006B90F6 /* LMLTests.xctest */ = {isa = PBXFileReference; explicitFileType = wrapper.cfbundle; includeInIndex = 0; path = LMLTests.xctest; sourceTree = BUILT_PRODUCTS_DIR; };
		D0B9659D2E2BCDE3006B90F6 /* LMLUITests.xctest */ = {isa = PBXFileReference; explicitFileType = wrapper.cfbundle; includeInIndex = 0; path = LMLUITests.xctest; sourceTree = BUILT_PRODUCTS_DIR; };
/* End PBXFileReference section */

/* Begin PBXFileSystemSynchronizedRootGroup section */
		D0B965882E2BCDE2006B90F6 /* LML */ = {
			isa = PBXFileSystemSynchronizedRootGroup;
			path = LML;
			sourceTree = "<group>";
		};
		D0B965962E2BCDE3006B90F6 /* LMLTests */ = {
			isa = PBXFileSystemSynchronizedRootGroup;
			path = LMLTests;
			sourceTree = "<group>";
		};
		D0B965A02E2BCDE3006B90F6 /* LMLUITests */ = {
			isa = PBXFileSystemSynchronizedRootGroup;
			path = LMLUITests;
			sourceTree = "<group>";
		};
/* End PBXFileSystemSynchronizedRootGroup section */

/* Begin PBXFrameworksBuildPhase section */
		D0B965832E2BCDE2006B90F6 /* Frameworks */ = {
			isa = PBXFrameworksBuildPhase;
			buildActionMask = 2147483647;
			files = (
			);
			runOnlyForDeploymentPostprocessing = 0;
		};
		D0B965902E2BCDE3006B90F6 /* Frameworks */ = {
			isa = PBXFrameworksBuildPhase;
			buildActionMask = 2147483647;
			files = (
			);
			runOnlyForDeploymentPostprocessing = 0;
		};
		D0B9659A2E2BCDE3006B90F6 /* Frameworks */ = {
			isa = PBXFrameworksBuildPhase;
			buildActionMask = 2147483647;
			files = (
			);
			runOnlyForDeploymentPostprocessing = 0;
		};
/* End PBXFrameworksBuildPhase section */

/* Begin PBXGroup section */
		D0B9657D2E2BCDE2006B90F6 = {
			isa = PBXGroup;
			children = (
				D0B965882E2BCDE2006B90F6 /* LML */,
				D0B965962E2BCDE3006B90F6 /* LMLTests */,
				D0B965A02E2BCDE3006B90F6 /* LMLUITests */,
				D0B965872E2BCDE2006B90F6 /* Products */,
			);
			sourceTree = "<group>";
		};
		D0B965872E2BCDE2006B90F6 /* Products */ = {
			isa = PBXGroup;
			children = (
				D0B965862E2BCDE2006B90F6 /* LML.app */,
				D0B965932E2BCDE3006B90F6 /* LMLTests.xctest */,
				D0B9659D2E2BCDE3006B90F6 /* LMLUITests.xctest */,
			);
			name = Products;
			sourceTree = "<group>";
		};
/* End PBXGroup section */

/* Begin PBXNativeTarget section */
		D0B965852E2BCDE2006B90F6 /* LML */ = {
			isa = PBXNativeTarget;
			buildConfigurationList = D0B965A72E2BCDE3006B90F6 /* Build configuration list for PBXNativeTarget "LML" */;
			buildPhases = (
				D0B965822E2BCDE2006B90F6 /* Sources */,
				D0B965832E2BCDE2006B90F6 /* Frameworks */,
				D0B965842E2BCDE2006B90F6 /* Resources */,
			);
			buildRules = (
			);
			dependencies = (
			);
			fileSystemSynchronizedGroups = (
				D0B965882E2BCDE2006B90F6 /* LML */,
			);
			name = LML;
			packageProductDependencies = (
			);
			productName = LML;
			productReference = D0B965862E2BCDE2006B90F6 /* LML.app */;
			productType = "com.apple.product-type.application";
		};
		D0B965922E2BCDE3006B90F6 /* LMLTests */ = {
			isa = PBXNativeTarget;
			buildConfigurationList = D0B965AA2E2BCDE3006B90F6 /* Build configuration list for PBXNativeTarget "LMLTests" */;
			buildPhases = (
				D0B9658F2E2BCDE3006B90F6 /* Sources */,
				D0B965902E2BCDE3006B90F6 /* Frameworks */,
				D0B965912E2BCDE3006B90F6 /* Resources */,
			);
			buildRules = (
			);
			dependencies = (
				D0B965952E2BCDE3006B90F6 /* PBXTargetDependency */,
			);
			fileSystemSynchronizedGroups = (
				D0B965962E2BCDE3006B90F6 /* LMLTests */,
			);
			name = LMLTests;
			packageProductDependencies = (
			);
			productName = LMLTests;
			productReference = D0B965932E2BCDE3006B90F6 /* LMLTests.xctest */;
			productType = "com.apple.product-type.bundle.unit-test";
		};
		D0B9659C2E2BCDE3006B90F6 /* LMLUITests */ = {
			isa = PBXNativeTarget;
			buildConfigurationList = D0B965AD2E2BCDE3006B90F6 /* Build configuration list for PBXNativeTarget "LMLUITests" */;
			buildPhases = (
				D0B965992E2BCDE3006B90F6 /* Sources */,
				D0B9659A2E2BCDE3006B90F6 /* Frameworks */,
				D0B9659B2E2BCDE3006B90F6 /* Resources */,
			);
			buildRules = (
			);
			dependencies = (
				D0B9659F2E2BCDE3006B90F6 /* PBXTargetDependency */,
			);
			fileSystemSynchronizedGroups = (
				D0B965A02E2BCDE3006B90F6 /* LMLUITests */,
			);
			name = LMLUITests;
			packageProductDependencies = (
			);
			productName = LMLUITests;
			productReference = D0B9659D2E2BCDE3006B90F6 /* LMLUITests.xctest */;
			productType = "com.apple.product-type.bundle.ui-testing";
		};
/* End PBXNativeTarget section */

/* Begin PBXProject section */
		D0B9657E2E2BCDE2006B90F6 /* Project object */ = {
			isa = PBXProject;
			attributes = {
				BuildIndependentTargetsInParallel = 1;
				LastSwiftUpdateCheck = 1640;
				LastUpgradeCheck = 1640;
				TargetAttributes = {
					D0B965852E2BCDE2006B90F6 = {
						CreatedOnToolsVersion = 16.4;
					};
					D0B965922E2BCDE3006B90F6 = {
						CreatedOnToolsVersion = 16.4;
						TestTargetID = D0B965852E2BCDE2006B90F6;
					};
					D0B9659C2E2BCDE3006B90F6 = {
						CreatedOnToolsVersion = 16.4;
						TestTargetID = D0B965852E2BCDE2006B90F6;
					};
				};
			};
			buildConfigurationList = D0B965812E2BCDE2006B90F6 /* Build configuration list for PBXProject "LML" */;
			developmentRegion = en;
			hasScannedForEncodings = 0;
			knownRegions = (
				en,
				Base,
			);
			mainGroup = D0B9657D2E2BCDE2006B90F6;
			minimizedProjectReferenceProxies = 1;
			preferredProjectObjectVersion = 77;
			productRefGroup = D0B965872E2BCDE2006B90F6 /* Products */;
			projectDirPath = "";
			projectRoot = "";
			targets = (
				D0B965852E2BCDE2006B90F6 /* LML */,
				D0B965922E2BCDE3006B90F6 /* LMLTests */,
				D0B9659C2E2BCDE3006B90F6 /* LMLUITests */,
			);
		};
/* End PBXProject section */

/* Begin PBXResourcesBuildPhase section */
		D0B965842E2BCDE2006B90F6 /* Resources */ = {
			isa = PBXResourcesBuildPhase;
			buildActionMask = 2147483647;
			files = (
			);
			runOnlyForDeploymentPostprocessing = 0;
		};
		D0B965912E2BCDE3006B90F6 /* Resources */ = {
			isa = PBXResourcesBuildPhase;
			buildActionMask = 2147483647;
			files = (
			);
			runOnlyForDeploymentPostprocessing = 0;
		};
		D0B9659B2E2BCDE3006B90F6 /* Resources */ = {
			isa = PBXResourcesBuildPhase;
			buildActionMask = 2147483647;
			files = (
			);
			runOnlyForDeploymentPostprocessing = 0;
		};
/* End PBXResourcesBuildPhase section */

/* Begin PBXSourcesBuildPhase section */
		D0B965822E2BCDE2006B90F6 /* Sources */ = {
			isa = PBXSourcesBuildPhase;
			buildActionMask = 2147483647;
			files = (
			);
			runOnlyForDeploymentPostprocessing = 0;
		};
		D0B9658F2E2BCDE3006B90F6 /* Sources */ = {
			isa = PBXSourcesBuildPhase;
			buildActionMask = 2147483647;
			files = (
			);
			runOnlyForDeploymentPostprocessing = 0;
		};
		D0B965992E2BCDE3006B90F6 /* Sources */ = {
			isa = PBXSourcesBuildPhase;
			buildActionMask = 2147483647;
			files = (
			);
			runOnlyForDeploymentPostprocessing = 0;
		};
/* End PBXSourcesBuildPhase section */

/* Begin PBXTargetDependency section */
		D0B965952E2BCDE3006B90F6 /* PBXTargetDependency */ = {
			isa = PBXTargetDependency;
			target = D0B965852E2BCDE2006B90F6 /* LML */;
			targetProxy = D0B965942E2BCDE3006B90F6 /* PBXContainerItemProxy */;
		};
		D0B9659F2E2BCDE3006B90F6 /* PBXTargetDependency */ = {
			isa = PBXTargetDependency;
			target = D0B965852E2BCDE2006B90F6 /* LML */;
			targetProxy = D0B9659E2E2BCDE3006B90F6 /* PBXContainerItemProxy */;
		};
/* End PBXTargetDependency section */

/* Begin XCBuildConfiguration section */
		D0B965A52E2BCDE3006B90F6 /* Debug */ = {
			isa = XCBuildConfiguration;
			buildSettings = {
				ALWAYS_SEARCH_USER_PATHS = NO;
				ASSETCATALOG_COMPILER_GENERATE_SWIFT_ASSET_SYMBOL_EXTENSIONS = YES;
				CLANG_ANALYZER_NONNULL = YES;
				CLANG_ANALYZER_NUMBER_OBJECT_CONVERSION = YES_AGGRESSIVE;
				CLANG_CXX_LANGUAGE_STANDARD = "gnu++20";
				CLANG_ENABLE_MODULES = YES;
				CLANG_ENABLE_OBJC_ARC = YES;
				CLANG_ENABLE_OBJC_WEAK = YES;
				CLANG_WARN_BLOCK_CAPTURE_AUTORELEASING = YES;
				CLANG_WARN_BOOL_CONVERSION = YES;
				CLANG_WARN_COMMA = YES;
				CLANG_WARN_CONSTANT_CONVERSION = YES;
				CLANG_WARN_DEPRECATED_OBJC_IMPLEMENTATIONS = YES;
				CLANG_WARN_DIRECT_OBJC_ISA_USAGE = YES_ERROR;
				CLANG_WARN_DOCUMENTATION_COMMENTS = YES;
				CLANG_WARN_EMPTY_BODY = YES;
				CLANG_WARN_ENUM_CONVERSION = YES;
				CLANG_WARN_INFINITE_RECURSION = YES;
				CLANG_WARN_INT_CONVERSION = YES;
				CLANG_WARN_NON_LITERAL_NULL_CONVERSION = YES;
				CLANG_WARN_OBJC_IMPLICIT_RETAIN_SELF = YES;
				CLANG_WARN_OBJC_LITERAL_CONVERSION = YES;
				CLANG_WARN_OBJC_ROOT_CLASS = YES_ERROR;
				CLANG_WARN_QUOTED_INCLUDE_IN_FRAMEWORK_HEADER = YES;
				CLANG_WARN_RANGE_LOOP_ANALYSIS = YES;
				CLANG_WARN_STRICT_PROTOTYPES = YES;
				CLANG_WARN_SUSPICIOUS_MOVE = YES;
				CLANG_WARN_UNGUARDED_AVAILABILITY = YES_AGGRESSIVE;
				CLANG_WARN_UNREACHABLE_CODE = YES;
				CLANG_WARN__DUPLICATE_METHOD_MATCH = YES;
				COPY_PHASE_STRIP = NO;
				DEBUG_INFORMATION_FORMAT = dwarf;
				DEVELOPMENT_TEAM = 24F2S7J9BU;
				ENABLE_STRICT_OBJC_MSGSEND = YES;
				ENABLE_TESTABILITY = YES;
				ENABLE_USER_SCRIPT_SANDBOXING = YES;
				GCC_C_LANGUAGE_STANDARD = gnu17;
				GCC_DYNAMIC_NO_PIC = NO;
				GCC_NO_COMMON_BLOCKS = YES;
				GCC_OPTIMIZATION_LEVEL = 0;
				GCC_PREPROCESSOR_DEFINITIONS = (
					"DEBUG=1",
					"$(inherited)",
				);
				GCC_WARN_64_TO_32_BIT_CONVERSION = YES;
				GCC_WARN_ABOUT_RETURN_TYPE = YES_ERROR;
				GCC_WARN_UNDECLARED_SELECTOR = YES;
				GCC_WARN_UNINITIALIZED_AUTOS = YES_AGGRESSIVE;
				GCC_WARN_UNUSED_FUNCTION = YES;
				GCC_WARN_UNUSED_VARIABLE = YES;
				IPHONEOS_DEPLOYMENT_TARGET = 18.5;
				LOCALIZATION_PREFERS_STRING_CATALOGS = YES;
				MTL_ENABLE_DEBUG_INFO = INCLUDE_SOURCE;
				MTL_FAST_MATH = YES;
				ONLY_ACTIVE_ARCH = YES;
				SDKROOT = iphoneos;
				SWIFT_ACTIVE_COMPILATION_CONDITIONS = "DEBUG $(inherited)";
				SWIFT_OPTIMIZATION_LEVEL = "-Onone";
			};
			name = Debug;
		};
		D0B965A62E2BCDE3006B90F6 /* Release */ = {
			isa = XCBuildConfiguration;
			buildSettings = {
				ALWAYS_SEARCH_USER_PATHS = NO;
				ASSETCATALOG_COMPILER_GENERATE_SWIFT_ASSET_SYMBOL_EXTENSIONS = YES;
				CLANG_ANALYZER_NONNULL = YES;
				CLANG_ANALYZER_NUMBER_OBJECT_CONVERSION = YES_AGGRESSIVE;
				CLANG_CXX_LANGUAGE_STANDARD = "gnu++20";
				CLANG_ENABLE_MODULES = YES;
				CLANG_ENABLE_OBJC_ARC = YES;
				CLANG_ENABLE_OBJC_WEAK = YES;
				CLANG_WARN_BLOCK_CAPTURE_AUTORELEASING = YES;
				CLANG_WARN_BOOL_CONVERSION = YES;
				CLANG_WARN_COMMA = YES;
				CLANG_WARN_CONSTANT_CONVERSION = YES;
				CLANG_WARN_DEPRECATED_OBJC_IMPLEMENTATIONS = YES;
				CLANG_WARN_DIRECT_OBJC_ISA_USAGE = YES_ERROR;
				CLANG_WARN_DOCUMENTATION_COMMENTS = YES;
				CLANG_WARN_EMPTY_BODY = YES;
				CLANG_WARN_ENUM_CONVERSION = YES;
				CLANG_WARN_INFINITE_RECURSION = YES;
				CLANG_WARN_INT_CONVERSION = YES;
				CLANG_WARN_NON_LITERAL_NULL_CONVERSION = YES;
				CLANG_WARN_OBJC_IMPLICIT_RETAIN_SELF = YES;
				CLANG_WARN_OBJC_LITERAL_CONVERSION = YES;
				CLANG_WARN_OBJC_ROOT_CLASS = YES_ERROR;
				CLANG_WARN_QUOTED_INCLUDE_IN_FRAMEWORK_HEADER = YES;
				CLANG_WARN_RANGE_LOOP_ANALYSIS = YES;
				CLANG_WARN_STRICT_PROTOTYPES = YES;
				CLANG_WARN_SUSPICIOUS_MOVE = YES;
				CLANG_WARN_UNGUARDED_AVAILABILITY = YES_AGGRESSIVE;
				CLANG_WARN_UNREACHABLE_CODE = YES;
				CLANG_WARN__DUPLICATE_METHOD_MATCH = YES;
				COPY_PHASE_STRIP = NO;
				DEBUG_INFORMATION_FORMAT = "dwarf-with-dsym";
				DEVELOPMENT_TEAM = 24F2S7J9BU;
				ENABLE_NS_ASSERTIONS = NO;
				ENABLE_STRICT_OBJC_MSGSEND = YES;
				ENABLE_USER_SCRIPT_SANDBOXING = YES;
				GCC_C_LANGUAGE_STANDARD = gnu17;
				GCC_NO_COMMON_BLOCKS = YES;
				GCC_WARN_64_TO_32_BIT_CONVERSION = YES;
				GCC_WARN_ABOUT_RETURN_TYPE = YES_ERROR;
				GCC_WARN_UNDECLARED_SELECTOR = YES;
				GCC_WARN_UNINITIALIZED_AUTOS = YES_AGGRESSIVE;
				GCC_WARN_UNUSED_FUNCTION = YES;
				GCC_WARN_UNUSED_VARIABLE = YES;
				IPHONEOS_DEPLOYMENT_TARGET = 18.5;
				LOCALIZATION_PREFERS_STRING_CATALOGS = YES;
				MTL_ENABLE_DEBUG_INFO = NO;
				MTL_FAST_MATH = YES;
				SDKROOT = iphoneos;
				SWIFT_COMPILATION_MODE = wholemodule;
				VALIDATE_PRODUCT = YES;
			};
			name = Release;
		};
		D0B965A82E2BCDE3006B90F6 /* Debug */ = {
			isa = XCBuildConfiguration;
			buildSettings = {
				ASSETCATALOG_COMPILER_APPICON_NAME = AppIcon;
				ASSETCATALOG_COMPILER_GLOBAL_ACCENT_COLOR_NAME = AccentColor;
				CODE_SIGN_STYLE = Automatic;
				CURRENT_PROJECT_VERSION = 1;
				DEVELOPMENT_TEAM = 24F2S7J9BU;
				ENABLE_PREVIEWS = YES;
				GENERATE_INFOPLIST_FILE = YES;
				INFOPLIST_KEY_UIApplicationSceneManifest_Generation = YES;
				INFOPLIST_KEY_UIApplicationSupportsIndirectInputEvents = YES;
				INFOPLIST_KEY_UILaunchScreen_Generation = YES;
				INFOPLIST_KEY_UISupportedInterfaceOrientations_iPad = "UIInterfaceOrientationPortrait UIInterfaceOrientationPortraitUpsideDown UIInterfaceOrientationLandscapeLeft UIInterfaceOrientationLandscapeRight";
				INFOPLIST_KEY_UISupportedInterfaceOrientations_iPhone = "UIInterfaceOrientationPortrait UIInterfaceOrientationLandscapeLeft UIInterfaceOrientationLandscapeRight";
				LD_RUNPATH_SEARCH_PATHS = (
					"$(inherited)",
					"@executable_path/Frameworks",
				);
				MARKETING_VERSION = 1.0;
				PRODUCT_BUNDLE_IDENTIFIER = "lml-tickets.com.LML";
				PRODUCT_NAME = "$(TARGET_NAME)";
				SWIFT_EMIT_LOC_STRINGS = YES;
				SWIFT_VERSION = 5.0;
				TARGETED_DEVICE_FAMILY = "1,2";
			};
			name = Debug;
		};
		D0B965A92E2BCDE3006B90F6 /* Release */ = {
			isa = XCBuildConfiguration;
			buildSettings = {
				ASSETCATALOG_COMPILER_APPICON_NAME = AppIcon;
				ASSETCATALOG_COMPILER_GLOBAL_ACCENT_COLOR_NAME = AccentColor;
				CODE_SIGN_STYLE = Automatic;
				CURRENT_PROJECT_VERSION = 1;
				DEVELOPMENT_TEAM = 24F2S7J9BU;
				ENABLE_PREVIEWS = YES;
				GENERATE_INFOPLIST_FILE = YES;
				INFOPLIST_KEY_UIApplicationSceneManifest_Generation = YES;
				INFOPLIST_KEY_UIApplicationSupportsIndirectInputEvents = YES;
				INFOPLIST_KEY_UILaunchScreen_Generation = YES;
				INFOPLIST_KEY_UISupportedInterfaceOrientations_iPad = "UIInterfaceOrientationPortrait UIInterfaceOrientationPortraitUpsideDown UIInterfaceOrientationLandscapeLeft UIInterfaceOrientationLandscapeRight";
				INFOPLIST_KEY_UISupportedInterfaceOrientations_iPhone = "UIInterfaceOrientationPortrait UIInterfaceOrientationLandscapeLeft UIInterfaceOrientationLandscapeRight";
				LD_RUNPATH_SEARCH_PATHS = (
					"$(inherited)",
					"@executable_path/Frameworks",
				);
				MARKETING_VERSION = 1.0;
				PRODUCT_BUNDLE_IDENTIFIER = "lml-tickets.com.LML";
				PRODUCT_NAME = "$(TARGET_NAME)";
				SWIFT_EMIT_LOC_STRINGS = YES;
				SWIFT_VERSION = 5.0;
				TARGETED_DEVICE_FAMILY = "1,2";
			};
			name = Release;
		};
		D0B965AB2E2BCDE3006B90F6 /* Debug */ = {
			isa = XCBuildConfiguration;
			buildSettings = {
				BUNDLE_LOADER = "$(TEST_HOST)";
				CODE_SIGN_STYLE = Automatic;
				CURRENT_PROJECT_VERSION = 1;
				DEVELOPMENT_TEAM = 24F2S7J9BU;
				GENERATE_INFOPLIST_FILE = YES;
				IPHONEOS_DEPLOYMENT_TARGET = 18.5;
				MARKETING_VERSION = 1.0;
				PRODUCT_BUNDLE_IDENTIFIER = "lml-tickets.com.LMLTests";
				PRODUCT_NAME = "$(TARGET_NAME)";
				SWIFT_EMIT_LOC_STRINGS = NO;
				SWIFT_VERSION = 5.0;
				TARGETED_DEVICE_FAMILY = "1,2";
				TEST_HOST = "$(BUILT_PRODUCTS_DIR)/LML.app/$(BUNDLE_EXECUTABLE_FOLDER_PATH)/LML";
			};
			name = Debug;
		};
		D0B965AC2E2BCDE3006B90F6 /* Release */ = {
			isa = XCBuildConfiguration;
			buildSettings = {
				BUNDLE_LOADER = "$(TEST_HOST)";
				CODE_SIGN_STYLE = Automatic;
				CURRENT_PROJECT_VERSION = 1;
				DEVELOPMENT_TEAM = 24F2S7J9BU;
				GENERATE_INFOPLIST_FILE = YES;
				IPHONEOS_DEPLOYMENT_TARGET = 18.5;
				MARKETING_VERSION = 1.0;
				PRODUCT_BUNDLE_IDENTIFIER = "lml-tickets.com.LMLTests";
				PRODUCT_NAME = "$(TARGET_NAME)";
				SWIFT_EMIT_LOC_STRINGS = NO;
				SWIFT_VERSION = 5.0;
				TARGETED_DEVICE_FAMILY = "1,2";
				TEST_HOST = "$(BUILT_PRODUCTS_DIR)/LML.app/$(BUNDLE_EXECUTABLE_FOLDER_PATH)/LML";
			};
			name = Release;
		};
		D0B965AE2E2BCDE3006B90F6 /* Debug */ = {
			isa = XCBuildConfiguration;
			buildSettings = {
				CODE_SIGN_STYLE = Automatic;
				CURRENT_PROJECT_VERSION = 1;
				DEVELOPMENT_TEAM = 24F2S7J9BU;
				GENERATE_INFOPLIST_FILE = YES;
				MARKETING_VERSION = 1.0;
				PRODUCT_BUNDLE_IDENTIFIER = "lml-tickets.com.LMLUITests";
				PRODUCT_NAME = "$(TARGET_NAME)";
				SWIFT_EMIT_LOC_STRINGS = NO;
				SWIFT_VERSION = 5.0;
				TARGETED_DEVICE_FAMILY = "1,2";
				TEST_TARGET_NAME = LML;
			};
			name = Debug;
		};
		D0B965AF2E2BCDE3006B90F6 /* Release */ = {
			isa = XCBuildConfiguration;
			buildSettings = {
				CODE_SIGN_STYLE = Automatic;
				CURRENT_PROJECT_VERSION = 1;
				DEVELOPMENT_TEAM = 24F2S7J9BU;
				GENERATE_INFOPLIST_FILE = YES;
				MARKETING_VERSION = 1.0;
				PRODUCT_BUNDLE_IDENTIFIER = "lml-tickets.com.LMLUITests";
				PRODUCT_NAME = "$(TARGET_NAME)";
				SWIFT_EMIT_LOC_STRINGS = NO;
				SWIFT_VERSION = 5.0;
				TARGETED_DEVICE_FAMILY = "1,2";
				TEST_TARGET_NAME = LML;
			};
			name = Release;
		};
/* End XCBuildConfiguration section */

/* Begin XCConfigurationList section */
		D0B965812E2BCDE2006B90F6 /* Build configuration list for PBXProject "LML" */ = {
			isa = XCConfigurationList;
			buildConfigurations = (
				D0B965A52E2BCDE3006B90F6 /* Debug */,
				D0B965A62E2BCDE3006B90F6 /* Release */,
			);
			defaultConfigurationIsVisible = 0;
			defaultConfigurationName = Release;
		};
		D0B965A72E2BCDE3006B90F6 /* Build configuration list for PBXNativeTarget "LML" */ = {
			isa = XCConfigurationList;
			buildConfigurations = (
				D0B965A82E2BCDE3006B90F6 /* Debug */,
				D0B965A92E2BCDE3006B90F6 /* Release */,
			);
			defaultConfigurationIsVisible = 0;
			defaultConfigurationName = Release;
		};
		D0B965AA2E2BCDE3006B90F6 /* Build configuration list for PBXNativeTarget "LMLTests" */ = {
			isa = XCConfigurationList;
			buildConfigurations = (
				D0B965AB2E2BCDE3006B90F6 /* Debug */,
				D0B965AC2E2BCDE3006B90F6 /* Release */,
			);
			defaultConfigurationIsVisible = 0;
			defaultConfigurationName = Release;
		};
		D0B965AD2E2BCDE3006B90F6 /* Build configuration list for PBXNativeTarget "LMLUITests" */ = {
			isa = XCConfigurationList;
			buildConfigurations = (
				D0B965AE2E2BCDE3006B90F6 /* Debug */,
				D0B965AF2E2BCDE3006B90F6 /* Release */,
			);
			defaultConfigurationIsVisible = 0;
			defaultConfigurationName = Release;
		};
/* End XCConfigurationList section */
	};
	rootObject = D0B9657E2E2BCDE2006B90F6 /* Project object */;
}
